
Microsoft Visual Studio Solution File, Format Version 12.00
# Visual Studio Version 17
VisualStudioVersion = 17.9.34728.123
MinimumVisualStudioVersion = 10.0.40219.1
Project("{FAE04EC0-301F-11D3-BF4B-00C04F79EFBC}") = "Quotes.Api", "Quotes.Api\Quotes.Api.csproj", "{55107731-CBA6-4E4F-BD2E-AEC1CC2AD6AD}"
EndProject
Project("{FAE04EC0-301F-11D3-BF4B-00C04F79EFBC}") = "Quotes.UI", "Quotes.UI\Quotes.UI.csproj", "{29D714D9-9DC8-40D8-AAD4-3EB8B47943CC}"
EndProject
Project("{FAE04EC0-301F-11D3-BF4B-00C04F79EFBC}") = "Quotes.Tests", "Quotes.Tests\Quotes.Tests.csproj", "{4A0205B9-990E-4E33-8288-6CF80960180D}"
EndProject
Global
	GlobalSection(SolutionConfigurationPlatforms) = preSolution
		Debug|Any CPU = Debug|Any CPU
		Release|Any CPU = Release|Any CPU
	EndGlobalSection
	GlobalSection(ProjectConfigurationPlatforms) = postSolution
		{55107731-CBA6-4E4F-BD2E-AEC1CC2AD6AD}.Debug|Any CPU.ActiveCfg = Debug|Any CPU
		{55107731-CBA6-4E4F-BD2E-AEC1CC2AD6AD}.Debug|Any CPU.Build.0 = Debug|Any CPU
		{55107731-CBA6-4E4F-BD2E-AEC1CC2AD6AD}.Release|Any CPU.ActiveCfg = Release|Any CPU
		{55107731-CBA6-4E4F-BD2E-AEC1CC2AD6AD}.Release|Any CPU.Build.0 = Release|Any CPU
		{29D714D9-9DC8-40D8-AAD4-3EB8B47943CC}.Debug|Any CPU.ActiveCfg = Debug|Any CPU
		{29D714D9-9DC8-40D8-AAD4-3EB8B47943CC}.Debug|Any CPU.Build.0 = Debug|Any CPU
		{29D714D9-9DC8-40D8-AAD4-3EB8B47943CC}.Release|Any CPU.ActiveCfg = Release|Any CPU
		{29D714D9-9DC8-40D8-AAD4-3EB8B47943CC}.Release|Any CPU.Build.0 = Release|Any CPU
		{4A0205B9-990E-4E33-8288-6CF80960180D}.Debug|Any CPU.ActiveCfg = Debug|Any CPU
		{4A0205B9-990E-4E33-8288-6CF80960180D}.Debug|Any CPU.Build.0 = Debug|Any CPU
		{4A0205B9-990E-4E33-8288-6CF80960180D}.Release|Any CPU.ActiveCfg = Release|Any CPU
		{4A0205B9-990E-4E33-8288-6CF80960180D}.Release|Any CPU.Build.0 = Release|Any CPU
	EndGlobalSection
	GlobalSection(SolutionProperties) = preSolution
		HideSolutionNode = FALSE
	EndGlobalSection
	GlobalSection(ExtensibilityGlobals) = postSolution
		SolutionGuid = {F76E001B-88B0-4964-BF28-1577CE62B1DF}
	EndGlobalSection
EndGlobal
